{
  "name": "dz-status",
  "version": "1.0.0",
  "lockfileVersion": 1,
  "requires": true,
  "dependencies": {
    "env-paths": {
      "version": "4.0.0",
      "resolved": "https://registry.yarnpkg.com/env-paths/-/env-paths-4.0.0.tgz",
      "integrity": "sha1-0LsfhKgdJUJYG/e36AhdBoOzkJc= sha512-pxP8eL2SwwaTRi/KHYwLYXinDs7gL3jxFcBYmEdYfZmZXbaVDvdppd0XBU8qVz03rDfKZMXg1omHCbsJjZrMsw==",
      "requires": {
        "is-safe-filename": "^0.1.0"
      },
      "dev": true
    },
    "is-safe-filename": {
      "version": "0.1.1",
      "resolved": "https://registry.yarnpkg.com/is-safe-filename/-/is-safe-filename-0.1.1.tgz",
      "integrity": "sha1-+yLurQl8YUxHqmdN5deaFkilPmY= sha512-4SrR7AdnY11LHfDKTZY1u6Ga3RuxZdl3YKWWShO5iyuG5h8QS4GD2tOb04peBJ5I7pXbR+CGBNEhTcwK+FzN3g==",
      "dev": true
    },
    "mkdirp": {
      "version": "3.0.1",
      "resolved": "https://registry.yarnpkg.com/mkdirp/-/mkdirp-3.0.1.tgz",
      "integrity": "sha1-5E5MVgf7J5wWgkFxPMbg/qmty1A= sha512-+NsyUUAZDmo6YVHzL/stxSu3t9YS1iljliy3BSDrXJ/dkn1KYdmtZODGGjLcc9XLgVVpH4KshHB8XmZgMhaBXg==",
      "dev": true
    }
  }
}