# THIS IS AN AUTOGENERATED FILE. DO NOT EDIT THIS FILE DIRECTLY.
# yarn lockfile v1


env-paths@^4.0.0:
  version "4.0.0"
  resolved "https://registry.yarnpkg.com/env-paths/-/env-paths-4.0.0.tgz#d0bb1f84a81d2542581bf7b7e8085d0683b39097"
  integrity sha512-pxP8eL2SwwaTRi/KHYwLYXinDs7gL3jxFcBYmEdYfZmZXbaVDvdppd0XBU8qVz03rDfKZMXg1omHCbsJjZrMsw==
  dependencies:
    is-safe-filename "^0.1.0"

is-safe-filename@^0.1.0:
  version "0.1.1"
  resolved "https://registry.yarnpkg.com/is-safe-filename/-/is-safe-filename-0.1.1.tgz#fb22eead097c614c47aa674de5d79a1648a53e66"
  integrity sha512-4SrR7AdnY11LHfDKTZY1u6Ga3RuxZdl3YKWWShO5iyuG5h8QS4GD2tOb04peBJ5I7pXbR+CGBNEhTcwK+FzN3g==

mkdirp@^3.0.1:
  version "3.0.1"
  resolved "https://registry.yarnpkg.com/mkdirp/-/mkdirp-3.0.1.tgz#e44e4c5607fb279c168241713cc6e0fea9adcb50"
  integrity sha512-+NsyUUAZDmo6YVHzL/stxSu3t9YS1iljliy3BSDrXJ/dkn1KYdmtZODGGjLcc9XLgVVpH4KshHB8XmZgMhaBXg==
